
Microsoft Visual Studio Solution File, Format Version 12.00
# Visual Studio Version 16
VisualStudioVersion = 16.0.29509.3
MinimumVisualStudioVersion = 10.0.40219.1
Project("{FAE04EC0-301F-11D3-BF4B-00C04F79EFBC}") = "SendTestClient", "SendTestClient\SendTestClient.csproj", "{2A9644F9-12EC-4A74-AAE0-ABEE16077D7E}"
EndProject
Global
	GlobalSection(SolutionConfigurationPlatforms) = preSolution
		Debug|Any CPU = Debug|Any CPU
		Release|Any CPU = Release|Any CPU
	EndGlobalSection
	GlobalSection(ProjectConfigurationPlatforms) = postSolution
		{2A9644F9-12EC-4A74-AAE0-ABEE16077D7E}.Debug|Any CPU.ActiveCfg = Debug|Any CPU
		{2A9644F9-12EC-4A74-AAE0-ABEE16077D7E}.Debug|Any CPU.Build.0 = Debug|Any CPU
		{2A9644F9-12EC-4A74-AAE0-ABEE16077D7E}.Release|Any CPU.ActiveCfg = Release|Any CPU
		{2A9644F9-12EC-4A74-AAE0-ABEE16077D7E}.Release|Any CPU.Build.0 = Release|Any CPU
	EndGlobalSection
	GlobalSection(SolutionProperties) = preSolution
		HideSolutionNode = FALSE
	EndGlobalSection
	GlobalSection(ExtensibilityGlobals) = postSolution
		SolutionGuid = {5A474FA5-EE8E-42AD-9ACE-6A95634E9D9E}
	EndGlobalSection
EndGlobal
